{
   "name": "@trail-image/blog",
   "version": "5.1.3",
   "lockfileVersion": 1,
   "requires": true,
   "dependencies": {
      "@types/googlemaps": {
         "version": "3.40.1",
         "resolved": "https://registry.npmjs.org/@types/googlemaps/-/googlemaps-3.40.1.tgz",
         "integrity": "sha512-dmlopvqHPuDVTjcMwe0mnVCK808WF+X1SvCPqmE6x1aCo7FRW6X5CqoGf2OBZVfq/0YCxhXFzcnxvpanzAS9Ww==",
         "dev": true
      }
   }
}
